
Microsoft Visual Studio Solution File, Format Version 12.00
# Visual Studio Version 16
VisualStudioVersion = 16.0.31911.196
MinimumVisualStudioVersion = 10.0.40219.1
Project("{FAE04EC0-301F-11D3-BF4B-00C04F79EFBC}") = "UAS_133", "UAS_133.csproj", "{19C2DF2F-47F4-440B-8A52-B8EC02D24692}"
EndProject
Global
	GlobalSection(SolutionConfigurationPlatforms) = preSolution
		Debug|Any CPU = Debug|Any CPU
		Release|Any CPU = Release|Any CPU
	EndGlobalSection
	GlobalSection(ProjectConfigurationPlatforms) = postSolution
		{19C2DF2F-47F4-440B-8A52-B8EC02D24692}.Debug|Any CPU.ActiveCfg = Debug|Any CPU
		{19C2DF2F-47F4-440B-8A52-B8EC02D24692}.Debug|Any CPU.Build.0 = Debug|Any CPU
		{19C2DF2F-47F4-440B-8A52-B8EC02D24692}.Release|Any CPU.ActiveCfg = Release|Any CPU
		{19C2DF2F-47F4-440B-8A52-B8EC02D24692}.Release|Any CPU.Build.0 = Release|Any CPU
	EndGlobalSection
	GlobalSection(SolutionProperties) = preSolution
		HideSolutionNode = FALSE
	EndGlobalSection
	GlobalSection(ExtensibilityGlobals) = postSolution
		SolutionGuid = {99555D6F-E897-4B60-830C-34DE8A0F89B7}
	EndGlobalSection
EndGlobal
